
Microsoft Visual Studio Solution File, Format Version 12.00
# Visual Studio Version 17
VisualStudioVersion = 17.5.33530.505
MinimumVisualStudioVersion = 10.0.40219.1
Project("{9A19103F-16F7-4668-BE54-9A1E7A4F7556}") = "MultMat.Logic", "Taller.Logic\MultMat.Logic.csproj", "{5B22DECA-0261-4267-B037-87FB5452A3B0}"
EndProject
Project("{9A19103F-16F7-4668-BE54-9A1E7A4F7556}") = "MultMat.UI", "Taller.UI\MultMat.UI.csproj", "{B88120C6-6CF3-4162-ADEE-949C0BA9FEA9}"
EndProject
Project("{2150E333-8FDC-42A3-9474-1A3956D46DE8}") = "MatrixMultiplication", "MatrixMultiplication", "{93D751BE-AFEF-4309-B723-04E347A4B7CA}"
EndProject
Project("{2150E333-8FDC-42A3-9474-1A3956D46DE8}") = "Hourglass", "Hourglass", "{896675DC-A0BD-40F8-84F2-B00317EF20BB}"
EndProject
Project("{9A19103F-16F7-4668-BE54-9A1E7A4F7556}") = "HourGlass.Logic", "HourGlass.Logic\HourGlass.Logic.csproj", "{BD40EDA9-F047-43F9-A3BA-4E7F0749DC5F}"
EndProject
Project("{9A19103F-16F7-4668-BE54-9A1E7A4F7556}") = "HourGlass.UI", "HourGlass.UI\HourGlass.UI.csproj", "{F225AE71-EF35-4715-9A0E-31CB6AAF2065}"
EndProject
Project("{2150E333-8FDC-42A3-9474-1A3956D46DE8}") = "Factors", "Factors", "{EF6AD46A-7874-48B8-9D2A-0209652DEA11}"
EndProject
Project("{9A19103F-16F7-4668-BE54-9A1E7A4F7556}") = "DescomposeFactor.Logic", "DescomposeFactor.Logic\DescomposeFactor.Logic.csproj", "{B36B3C5D-AC1D-4444-AB2E-F9EDEC738AE9}"
EndProject
Project("{9A19103F-16F7-4668-BE54-9A1E7A4F7556}") = "Factors.UI", "Factors.UI\Factors.UI.csproj", "{4731708F-F933-4A4B-9CBA-6ED410F26D93}"
EndProject
Project("{2150E333-8FDC-42A3-9474-1A3956D46DE8}") = "HarvestInHorse", "HarvestInHorse", "{4952C07A-1D7F-4C84-B7E8-38F6F041A750}"
EndProject
Project("{9A19103F-16F7-4668-BE54-9A1E7A4F7556}") = "HarvestInHorse.Logic", "HarvestInHorse.Logic\HarvestInHorse.Logic.csproj", "{812B17A3-9EAE-4DBC-9C26-D00407EBA691}"
EndProject
Project("{9A19103F-16F7-4668-BE54-9A1E7A4F7556}") = "HarvestInHouse.UI", "HarvestInHouse.UI\HarvestInHouse.UI.csproj", "{9CF85FC8-1119-42A4-B222-4BBFAB017981}"
EndProject
Project("{2150E333-8FDC-42A3-9474-1A3956D46DE8}") = "ConflicHorses", "ConflicHorses", "{46FF1CAD-34D7-46C9-9B40-3F35C8C5BEDA}"
EndProject
Project("{9A19103F-16F7-4668-BE54-9A1E7A4F7556}") = "HorsesInConflict.Logic", "HorsesInConflict\HorsesInConflict.Logic.csproj", "{13919378-B4D4-4705-B100-7283378B05C2}"
EndProject
Project("{9A19103F-16F7-4668-BE54-9A1E7A4F7556}") = "HorsesInConflict.UI", "HorsesInConflict.UI\HorsesInConflict.UI.csproj", "{E803F65F-F7E3-4246-A891-B2F9D7C79305}"
EndProject
Global
	GlobalSection(SolutionConfigurationPlatforms) = preSolution
		Debug|Any CPU = Debug|Any CPU
		Release|Any CPU = Release|Any CPU
	EndGlobalSection
	GlobalSection(ProjectConfigurationPlatforms) = postSolution
		{5B22DECA-0261-4267-B037-87FB5452A3B0}.Debug|Any CPU.ActiveCfg = Debug|Any CPU
		{5B22DECA-0261-4267-B037-87FB5452A3B0}.Debug|Any CPU.Build.0 = Debug|Any CPU
		{5B22DECA-0261-4267-B037-87FB5452A3B0}.Release|Any CPU.ActiveCfg = Release|Any CPU
		{5B22DECA-0261-4267-B037-87FB5452A3B0}.Release|Any CPU.Build.0 = Release|Any CPU
		{B88120C6-6CF3-4162-ADEE-949C0BA9FEA9}.Debug|Any CPU.ActiveCfg = Debug|Any CPU
		{B88120C6-6CF3-4162-ADEE-949C0BA9FEA9}.Debug|Any CPU.Build.0 = Debug|Any CPU
		{B88120C6-6CF3-4162-ADEE-949C0BA9FEA9}.Release|Any CPU.ActiveCfg = Release|Any CPU
		{B88120C6-6CF3-4162-ADEE-949C0BA9FEA9}.Release|Any CPU.Build.0 = Release|Any CPU
		{BD40EDA9-F047-43F9-A3BA-4E7F0749DC5F}.Debug|Any CPU.ActiveCfg = Debug|Any CPU
		{BD40EDA9-F047-43F9-A3BA-4E7F0749DC5F}.Debug|Any CPU.Build.0 = Debug|Any CPU
		{BD40EDA9-F047-43F9-A3BA-4E7F0749DC5F}.Release|Any CPU.ActiveCfg = Release|Any CPU
		{BD40EDA9-F047-43F9-A3BA-4E7F0749DC5F}.Release|Any CPU.Build.0 = Release|Any CPU
		{F225AE71-EF35-4715-9A0E-31CB6AAF2065}.Debug|Any CPU.ActiveCfg = Debug|Any CPU
		{F225AE71-EF35-4715-9A0E-31CB6AAF2065}.Debug|Any CPU.Build.0 = Debug|Any CPU
		{F225AE71-EF35-4715-9A0E-31CB6AAF2065}.Release|Any CPU.ActiveCfg = Release|Any CPU
		{F225AE71-EF35-4715-9A0E-31CB6AAF2065}.Release|Any CPU.Build.0 = Release|Any CPU
		{B36B3C5D-AC1D-4444-AB2E-F9EDEC738AE9}.Debug|Any CPU.ActiveCfg = Debug|Any CPU
		{B36B3C5D-AC1D-4444-AB2E-F9EDEC738AE9}.Debug|Any CPU.Build.0 = Debug|Any CPU
		{B36B3C5D-AC1D-4444-AB2E-F9EDEC738AE9}.Release|Any CPU.ActiveCfg = Release|Any CPU
		{B36B3C5D-AC1D-4444-AB2E-F9EDEC738AE9}.Release|Any CPU.Build.0 = Release|Any CPU
		{4731708F-F933-4A4B-9CBA-6ED410F26D93}.Debug|Any CPU.ActiveCfg = Debug|Any CPU
		{4731708F-F933-4A4B-9CBA-6ED410F26D93}.Debug|Any CPU.Build.0 = Debug|Any CPU
		{4731708F-F933-4A4B-9CBA-6ED410F26D93}.Release|Any CPU.ActiveCfg = Release|Any CPU
		{4731708F-F933-4A4B-9CBA-6ED410F26D93}.Release|Any CPU.Build.0 = Release|Any CPU
		{812B17A3-9EAE-4DBC-9C26-D00407EBA691}.Debug|Any CPU.ActiveCfg = Debug|Any CPU
		{812B17A3-9EAE-4DBC-9C26-D00407EBA691}.Debug|Any CPU.Build.0 = Debug|Any CPU
		{812B17A3-9EAE-4DBC-9C26-D00407EBA691}.Release|Any CPU.ActiveCfg = Release|Any CPU
		{812B17A3-9EAE-4DBC-9C26-D00407EBA691}.Release|Any CPU.Build.0 = Release|Any CPU
		{9CF85FC8-1119-42A4-B222-4BBFAB017981}.Debug|Any CPU.ActiveCfg = Debug|Any CPU
		{9CF85FC8-1119-42A4-B222-4BBFAB017981}.Debug|Any CPU.Build.0 = Debug|Any CPU
		{9CF85FC8-1119-42A4-B222-4BBFAB017981}.Release|Any CPU.ActiveCfg = Release|Any CPU
		{9CF85FC8-1119-42A4-B222-4BBFAB017981}.Release|Any CPU.Build.0 = Release|Any CPU
		{13919378-B4D4-4705-B100-7283378B05C2}.Debug|Any CPU.ActiveCfg = Debug|Any CPU
		{13919378-B4D4-4705-B100-7283378B05C2}.Debug|Any CPU.Build.0 = Debug|Any CPU
		{13919378-B4D4-4705-B100-7283378B05C2}.Release|Any CPU.ActiveCfg = Release|Any CPU
		{13919378-B4D4-4705-B100-7283378B05C2}.Release|Any CPU.Build.0 = Release|Any CPU
		{E803F65F-F7E3-4246-A891-B2F9D7C79305}.Debug|Any CPU.ActiveCfg = Debug|Any CPU
		{E803F65F-F7E3-4246-A891-B2F9D7C79305}.Debug|Any CPU.Build.0 = Debug|Any CPU
		{E803F65F-F7E3-4246-A891-B2F9D7C79305}.Release|Any CPU.ActiveCfg = Release|Any CPU
		{E803F65F-F7E3-4246-A891-B2F9D7C79305}.Release|Any CPU.Build.0 = Release|Any CPU
	EndGlobalSection
	GlobalSection(SolutionProperties) = preSolution
		HideSolutionNode = FALSE
	EndGlobalSection
	GlobalSection(NestedProjects) = preSolution
		{5B22DECA-0261-4267-B037-87FB5452A3B0} = {93D751BE-AFEF-4309-B723-04E347A4B7CA}
		{B88120C6-6CF3-4162-ADEE-949C0BA9FEA9} = {93D751BE-AFEF-4309-B723-04E347A4B7CA}
		{BD40EDA9-F047-43F9-A3BA-4E7F0749DC5F} = {896675DC-A0BD-40F8-84F2-B00317EF20BB}
		{F225AE71-EF35-4715-9A0E-31CB6AAF2065} = {896675DC-A0BD-40F8-84F2-B00317EF20BB}
		{B36B3C5D-AC1D-4444-AB2E-F9EDEC738AE9} = {EF6AD46A-7874-48B8-9D2A-0209652DEA11}
		{4731708F-F933-4A4B-9CBA-6ED410F26D93} = {EF6AD46A-7874-48B8-9D2A-0209652DEA11}
		{812B17A3-9EAE-4DBC-9C26-D00407EBA691} = {4952C07A-1D7F-4C84-B7E8-38F6F041A750}
		{9CF85FC8-1119-42A4-B222-4BBFAB017981} = {4952C07A-1D7F-4C84-B7E8-38F6F041A750}
		{13919378-B4D4-4705-B100-7283378B05C2} = {46FF1CAD-34D7-46C9-9B40-3F35C8C5BEDA}
		{E803F65F-F7E3-4246-A891-B2F9D7C79305} = {46FF1CAD-34D7-46C9-9B40-3F35C8C5BEDA}
	EndGlobalSection
	GlobalSection(ExtensibilityGlobals) = postSolution
		SolutionGuid = {E044874F-FA58-4F80-BB9B-47706D233CDA}
	EndGlobalSection
EndGlobal
